
Microsoft Visual Studio Solution File, Format Version 12.00
Project("{FAE04EC0-301F-11D3-BF4B-00C04F79EFBC}") = "DotCoverUnsafeAccessorIssue", "DotCoverUnsafeAccessorIssue.csproj", "{42F434D9-7F29-4BA1-AF6F-3564D0551C8E}"
EndProject
Global
	GlobalSection(SolutionConfigurationPlatforms) = preSolution
		Debug|Any CPU = Debug|Any CPU
		Release|Any CPU = Release|Any CPU
	EndGlobalSection
	GlobalSection(ProjectConfigurationPlatforms) = postSolution
		{42F434D9-7F29-4BA1-AF6F-3564D0551C8E}.Debug|Any CPU.ActiveCfg = Debug|Any CPU
		{42F434D9-7F29-4BA1-AF6F-3564D0551C8E}.Debug|Any CPU.Build.0 = Debug|Any CPU
		{42F434D9-7F29-4BA1-AF6F-3564D0551C8E}.Release|Any CPU.ActiveCfg = Release|Any CPU
		{42F434D9-7F29-4BA1-AF6F-3564D0551C8E}.Release|Any CPU.Build.0 = Release|Any CPU
	EndGlobalSection
EndGlobal
